
Microsoft Visual Studio Solution File, Format Version 12.00
# Visual Studio Version 17
VisualStudioVersion = 17.12.35514.174 d17.12
MinimumVisualStudioVersion = 10.0.40219.1
Project("{FAE04EC0-301F-11D3-BF4B-00C04F79EFBC}") = "OPS310_PRoject2", "OPS310_PRoject2\OPS310_PRoject2.csproj", "{7C1A08F1-03DB-4AB1-976F-0AB3A6C0EF8A}"
EndProject
Global
	GlobalSection(SolutionConfigurationPlatforms) = preSolution
		Debug|Any CPU = Debug|Any CPU
		Release|Any CPU = Release|Any CPU
	EndGlobalSection
	GlobalSection(ProjectConfigurationPlatforms) = postSolution
		{7C1A08F1-03DB-4AB1-976F-0AB3A6C0EF8A}.Debug|Any CPU.ActiveCfg = Debug|Any CPU
		{7C1A08F1-03DB-4AB1-976F-0AB3A6C0EF8A}.Debug|Any CPU.Build.0 = Debug|Any CPU
		{7C1A08F1-03DB-4AB1-976F-0AB3A6C0EF8A}.Release|Any CPU.ActiveCfg = Release|Any CPU
		{7C1A08F1-03DB-4AB1-976F-0AB3A6C0EF8A}.Release|Any CPU.Build.0 = Release|Any CPU
	EndGlobalSection
	GlobalSection(SolutionProperties) = preSolution
		HideSolutionNode = FALSE
	EndGlobalSection
EndGlobal
